{
  "pins" : [
    {
      "identity" : "horizoncalendar",
      "kind" : "remoteSourceControl",
      "location" : "https://github.com/airbnb/HorizonCalendar.git",
      "state" : {
        "revision" : "93b188c52650b3999eeb20cf256b69715de515ef",
        "version" : "1.13.4"
      }
    }
  ],
  "version" : 2
}
